
Microsoft Visual Studio Solution File, Format Version 12.00
# Visual Studio Version 17
VisualStudioVersion = 17.0.32112.339
MinimumVisualStudioVersion = 10.0.40219.1
Project("{FAE04EC0-301F-11D3-BF4B-00C04F79EFBC}") = "Fixflo.TechTest", "Fixflo.TechTest\Fixflo.TechTest.csproj", "{18FA7D16-B23D-4D90-AD7A-028DC92948D5}"
EndProject
Global
	GlobalSection(SolutionConfigurationPlatforms) = preSolution
		Debug|Any CPU = Debug|Any CPU
		Release|Any CPU = Release|Any CPU
	EndGlobalSection
	GlobalSection(ProjectConfigurationPlatforms) = postSolution
		{18FA7D16-B23D-4D90-AD7A-028DC92948D5}.Debug|Any CPU.ActiveCfg = Debug|Any CPU
		{18FA7D16-B23D-4D90-AD7A-028DC92948D5}.Debug|Any CPU.Build.0 = Debug|Any CPU
		{18FA7D16-B23D-4D90-AD7A-028DC92948D5}.Release|Any CPU.ActiveCfg = Release|Any CPU
		{18FA7D16-B23D-4D90-AD7A-028DC92948D5}.Release|Any CPU.Build.0 = Release|Any CPU
	EndGlobalSection
	GlobalSection(SolutionProperties) = preSolution
		HideSolutionNode = FALSE
	EndGlobalSection
	GlobalSection(ExtensibilityGlobals) = postSolution
		SolutionGuid = {0E9A729C-F5ED-40DD-BCED-4ECFE84009E1}
	EndGlobalSection
EndGlobal
